<?xml version="1.0" encoding="utf-8"?>
<Project ToolsVersion="4.0" xmlns="http://schemas.microsoft.com/developer/msbuild/2003">
  <ItemGroup>
    <Filter Include="Assets">
      <UniqueIdentifier>{3163c6a4-2fad-4f8c-aa46-c80649bd85b9}</UniqueIdentifier>
    </Filter>
    <Filter Include="Common">
      <UniqueIdentifier>{d2282975-c364-4a2d-b04c-1c5c313e5a7f}</UniqueIdentifier>
    </Filter>
    <Filter Include="Utilities">
      <UniqueIdentifier>{2530b866-7733-460b-9b13-ecb00224e1e7}</UniqueIdentifier>
    </Filter>
  </ItemGroup>
  <ItemGroup>
    <ClInclude Include="StepTimer.h">
      <Filter>Common</Filter>
    </ClInclude>
    <ClInclude Include="pch.h" />
    <ClInclude Include="Game.h" />
    <ClInclude Include="DeviceResourcesXDK.h">
      <Filter>Common</Filter>
    </ClInclude>
    <ClInclude Include="ArcBall.h">
      <Filter>Utilities</Filter>
    </ClInclude>
    <ClInclude Include="RenderTexture.h">
      <Filter>Utilities</Filter>
    </ClInclude>
    <ClInclude Include="ReadData.h">
      <Filter>Utilities</Filter>
    </ClInclude>
  </ItemGroup>
  <ItemGroup>
    <ClCompile Include="Game.cpp" />
    <ClCompile Include="Main.cpp" />
    <ClCompile Include="pch.cpp" />
    <ClCompile Include="DeviceResourcesXDK.cpp">
      <Filter>Common</Filter>
    </ClCompile>
    <ClCompile Include="RenderTexture.cpp">
      <Filter>Utilities</Filter>
    </ClCompile>
  </ItemGroup>
  <ItemGroup>
    <AppxManifest Include="Package.appxmanifest" />
  </ItemGroup>
  <ItemGroup>
    <Image Include="StoreLogo.png">
      <Filter>Assets</Filter>
    </Image>
    <Image Include="Logo.png">
      <Filter>Assets</Filter>
    </Image>
    <Image Include="SmallLogo.png">
      <Filter>Assets</Filter>
    </Image>
    <Image Include="SplashScreen.png">
      <Filter>Assets</Filter>
    </Image>
    <Image Include="Atrium_diffuseIBL.dds">
      <Filter>Assets</Filter>
    </Image>
    <Image Include="Atrium_specularIBL.dds">
      <Filter>Assets</Filter>
    </Image>
    <Image Include="Garage_diffuseIBL.dds">
      <Filter>Assets</Filter>
    </Image>
    <Image Include="Garage_specularIBL.dds">
      <Filter>Assets</Filter>
    </Image>
    <Image Include="SunSubMixer_diffuseIBL.dds">
      <Filter>Assets</Filter>
    </Image>
    <Image Include="SunSubMixer_specularIBL.dds">
      <Filter>Assets</Filter>
    </Image>
  </ItemGroup>
  <ItemGroup>
    <None Include="comic.spritefont">
      <Filter>Assets</Filter>
    </None>
    <None Include="consolas.spritefont">
      <Filter>Assets</Filter>
    </None>
    <None Include="comic4k.spritefont">
      <Filter>Assets</Filter>
    </None>
    <None Include="consolas4k.spritefont">
      <Filter>Assets</Filter>
    </None>
  </ItemGroup>
  <ItemGroup>
    <Text Include="ReadMe.txt" />
  </ItemGroup>
</Project>